// !$*UTF8*$!
{
	archiveVersion = 1;
	classes = {
	};
	objectVersion = 51;
	objects = {

/* Begin PBXBuildFile section */
		03CC53F6258BB874004A644D /* temp.swift in Sources */ = {isa = PBXBuildFile; fileRef = 03CC53F5258BB874004A644D /* temp.swift */; };
		03CC540C258BC684004A644D /* NoteDetail.swift in Sources */ = {isa = PBXBuildFile; fileRef = 03CC540B258BC684004A644D /* NoteDetail.swift */; };
		03E1B54A258C8548008051DA /* LaunchScreen.storyboard in Resources */ = {isa = PBXBuildFile; fileRef = 03E1B54C258C8548008051DA /* LaunchScreen.storyboard */; };
		03E4A2122589FF5A00FB6929 /* ToDoApp.swift in Sources */ = {isa = PBXBuildFile; fileRef = 03E4A2112589FF5A00FB6929 /* ToDoApp.swift */; };
		03E4A2142589FF5A00FB6929 /* ContentView.swift in Sources */ = {isa = PBXBuildFile; fileRef = 03E4A2132589FF5A00FB6929 /* ContentView.swift */; };
		03E4A2162589FF5B00FB6929 /* Assets.xcassets in Resources */ = {isa = PBXBuildFile; fileRef = 03E4A2152589FF5B00FB6929 /* Assets.xcassets */; };
		03E4A2192589FF5B00FB6929 /* Preview Assets.xcassets in Resources */ = {isa = PBXBuildFile; fileRef = 03E4A2182589FF5B00FB6929 /* Preview Assets.xcassets */; };
		03E4A21B2589FF5B00FB6929 /* Persistence.swift in Sources */ = {isa = PBXBuildFile; fileRef = 03E4A21A2589FF5B00FB6929 /* Persistence.swift */; };
		03E4A21E2589FF5B00FB6929 /* ToDo.xcdatamodeld in Sources */ = {isa = PBXBuildFile; fileRef = 03E4A21C2589FF5B00FB6929 /* ToDo.xcdatamodeld */; };
		03E4A2292589FF5C00FB6929 /* ToDoTests.swift in Sources */ = {isa = PBXBuildFile; fileRef = 03E4A2282589FF5C00FB6929 /* ToDoTests.swift */; };
		03E4A2342589FF5C00FB6929 /* ToDoUITests.swift in Sources */ = {isa = PBXBuildFile; fileRef = 03E4A2332589FF5C00FB6929 /* ToDoUITests.swift */; };
		328B7BCBE4688EA16AE75022 /* Pods_ToDoTests.framework in Frameworks */ = {isa = PBXBuildFile; fileRef = DDAF40BCBC8129DC84887984 /* Pods_ToDoTests.framework */; };
		69B93E51E6BFC32BE8E32D30 /* Pods_ToDo_ToDoUITests.framework in Frameworks */ = {isa = PBXBuildFile; fileRef = 9BD7F7432EEED02A4899F710 /* Pods_ToDo_ToDoUITests.framework */; };
		8E2F567B037A9C7FFD4DBE5B /* Pods_ToDo.framework in Frameworks */ = {isa = PBXBuildFile; fileRef = 45AC2AACBC557907AFCCA41F /* Pods_ToDo.framework */; };
/* End PBXBuildFile section */

/* Begin PBXContainerItemProxy section */
		03E4A2252589FF5C00FB6929 /* PBXContainerItemProxy */ = {
			isa = PBXContainerItemProxy;
			containerPortal = 03E4A2062589FF5A00FB6929 /* Project object */;
			proxyType = 1;
			remoteGlobalIDString = 03E4A20D2589FF5A00FB6929;
			remoteInfo = ToDo;
		};
		03E4A2302589FF5C00FB6929 /* PBXContainerItemProxy */ = {
			isa = PBXContainerItemProxy;
			containerPortal = 03E4A2062589FF5A00FB6929 /* Project object */;
			proxyType = 1;
			remoteGlobalIDString = 03E4A20D2589FF5A00FB6929;
			remoteInfo = ToDo;
		};
/* End PBXContainerItemProxy section */

/* Begin PBXFileReference section */
		03CC53F5258BB874004A644D /* temp.swift */ = {isa = PBXFileReference; lastKnownFileType = sourcecode.swift; path = temp.swift; sourceTree = "<group>"; };
		03CC540B258BC684004A644D /* NoteDetail.swift */ = {isa = PBXFileReference; lastKnownFileType = sourcecode.swift; path = NoteDetail.swift; sourceTree = "<group>"; };
		03E1B54B258C8548008051DA /* Base */ = {isa = PBXFileReference; lastKnownFileType = file.storyboard; name = Base; path = Base.lproj/LaunchScreen.storyboard; sourceTree = "<group>"; };
		03E4A20E2589FF5A00FB6929 /* ToDo.app */ = {isa = PBXFileReference; explicitFileType = wrapper.application; includeInIndex = 0; path = ToDo.app; sourceTree = BUILT_PRODUCTS_DIR; };
		03E4A2112589FF5A00FB6929 /* ToDoApp.swift */ = {isa = PBXFileReference; lastKnownFileType = sourcecode.swift; path = ToDoApp.swift; sourceTree = "<group>"; };
		03E4A2132589FF5A00FB6929 /* ContentView.swift */ = {isa = PBXFileReference; lastKnownFileType = sourcecode.swift; path = ContentView.swift; sourceTree = "<group>"; };
		03E4A2152589FF5B00FB6929 /* Assets.xcassets */ = {isa = PBXFileReference; lastKnownFileType = folder.assetcatalog; path = Assets.xcassets; sourceTree = "<group>"; };
		03E4A2182589FF5B00FB6929 /* Preview Assets.xcassets */ = {isa = PBXFileReference; lastKnownFileType = folder.assetcatalog; path = "Preview Assets.xcassets"; sourceTree = "<group>"; };
		03E4A21A2589FF5B00FB6929 /* Persistence.swift */ = {isa = PBXFileReference; lastKnownFileType = sourcecode.swift; path = Persistence.swift; sourceTree = "<group>"; };
		03E4A21D2589FF5B00FB6929 /* ToDo.xcdatamodel */ = {isa = PBXFileReference; lastKnownFileType = wrapper.xcdatamodel; path = ToDo.xcdatamodel; sourceTree = "<group>"; };
		03E4A21F2589FF5B00FB6929 /* Info.plist */ = {isa = PBXFileReference; lastKnownFileType = text.plist.xml; path = Info.plist; sourceTree = "<group>"; };
		03E4A2242589FF5C00FB6929 /* ToDoTests.xctest */ = {isa = PBXFileReference; explicitFileType = wrapper.cfbundle; includeInIndex = 0; path = ToDoTests.xctest; sourceTree = BUILT_PRODUCTS_DIR; };
		03E4A2282589FF5C00FB6929 /* ToDoTests.swift */ = {isa = PBXFileReference; lastKnownFileType = sourcecode.swift; path = ToDoTests.swift; sourceTree = "<group>"; };
		03E4A22A2589FF5C00FB6929 /* Info.plist */ = {isa = PBXFileReference; lastKnownFileType = text.plist.xml; path = Info.plist; sourceTree = "<group>"; };
		03E4A22F2589FF5C00FB6929 /* ToDoUITests.xctest */ = {isa = PBXFileReference; explicitFileType = wrapper.cfbundle; includeInIndex = 0; path = ToDoUITests.xctest; sourceTree = BUILT_PRODUCTS_DIR; };
		03E4A2332589FF5C00FB6929 /* ToDoUITests.swift */ = {isa = PBXFileReference; lastKnownFileType = sourcecode.swift; path = ToDoUITests.swift; sourceTree = "<group>"; };
		03E4A2352589FF5C00FB6929 /* Info.plist */ = {isa = PBXFileReference; lastKnownFileType = text.plist.xml; path = Info.plist; sourceTree = "<group>"; };
		13D61717036F5021FD265B59 /* Pods-ToDo-ToDoUITests.release.xcconfig */ = {isa = PBXFileReference; includeInIndex = 1; lastKnownFileType = text.xcconfig; name = "Pods-ToDo-ToDoUITests.release.xcconfig"; path = "Target Support Files/Pods-ToDo-ToDoUITests/Pods-ToDo-ToDoUITests.release.xcconfig"; sourceTree = "<group>"; };
		1C5E8982C0BCE8244B784426 /* Pods-ToDo-ToDoUITests.debug.xcconfig */ = {isa = PBXFileReference; includeInIndex = 1; lastKnownFileType = text.xcconfig; name = "Pods-ToDo-ToDoUITests.debug.xcconfig"; path = "Target Support Files/Pods-ToDo-ToDoUITests/Pods-ToDo-ToDoUITests.debug.xcconfig"; sourceTree = "<group>"; };
		2D52D854EAC211DF5BEC0130 /* Pods-ToDo.debug.xcconfig */ = {isa = PBXFileReference; includeInIndex = 1; lastKnownFileType = text.xcconfig; name = "Pods-ToDo.debug.xcconfig"; path = "Target Support Files/Pods-ToDo/Pods-ToDo.debug.xcconfig"; sourceTree = "<group>"; };
		39A8724F494E0AEF3872965B /* Pods-ToDoTests.release.xcconfig */ = {isa = PBXFileReference; includeInIndex = 1; lastKnownFileType = text.xcconfig; name = "Pods-ToDoTests.release.xcconfig"; path = "Target Support Files/Pods-ToDoTests/Pods-ToDoTests.release.xcconfig"; sourceTree = "<group>"; };
		42072B11A4002D90CB5015BE /* Pods-ToDoTests.debug.xcconfig */ = {isa = PBXFileReference; includeInIndex = 1; lastKnownFileType = text.xcconfig; name = "Pods-ToDoTests.debug.xcconfig"; path = "Target Support Files/Pods-ToDoTests/Pods-ToDoTests.debug.xcconfig"; sourceTree = "<group>"; };
		45AC2AACBC557907AFCCA41F /* Pods_ToDo.framework */ = {isa = PBXFileReference; explicitFileType = wrapper.framework; includeInIndex = 0; path = Pods_ToDo.framework; sourceTree = BUILT_PRODUCTS_DIR; };
		7CAAFE2EB3E26210BDE6D8CB /* Pods-ToDo.release.xcconfig */ = {isa = PBXFileReference; includeInIndex = 1; lastKnownFileType = text.xcconfig; name = "Pods-ToDo.release.xcconfig"; path = "Target Support Files/Pods-ToDo/Pods-ToDo.release.xcconfig"; sourceTree = "<group>"; };
		9BD7F7432EEED02A4899F710 /* Pods_ToDo_ToDoUITests.framework */ = {isa = PBXFileReference; explicitFileType = wrapper.framework; includeInIndex = 0; path = Pods_ToDo_ToDoUITests.framework; sourceTree = BUILT_PRODUCTS_DIR; };
		DDAF40BCBC8129DC84887984 /* Pods_ToDoTests.framework */ = {isa = PBXFileReference; explicitFileType = wrapper.framework; includeInIndex = 0; path = Pods_ToDoTests.framework; sourceTree = BUILT_PRODUCTS_DIR; };
/* End PBXFileReference section */

/* Begin PBXFrameworksBuildPhase section */
		03E4A20B2589FF5A00FB6929 /* Frameworks */ = {
			isa = PBXFrameworksBuildPhase;
			buildActionMask = 2147483647;
			files = (
				8E2F567B037A9C7FFD4DBE5B /* Pods_ToDo.framework in Frameworks */,
			);
			runOnlyForDeploymentPostprocessing = 0;
		};
		03E4A2212589FF5C00FB6929 /* Frameworks */ = {
			isa = PBXFrameworksBuildPhase;
			buildActionMask = 2147483647;
			files = (
				328B7BCBE4688EA16AE75022 /* Pods_ToDoTests.framework in Frameworks */,
			);
			runOnlyForDeploymentPostprocessing = 0;
		};
		03E4A22C2589FF5C00FB6929 /* Frameworks */ = {
			isa = PBXFrameworksBuildPhase;
			buildActionMask = 2147483647;
			files = (
				69B93E51E6BFC32BE8E32D30 /* Pods_ToDo_ToDoUITests.framework in Frameworks */,
			);
			runOnlyForDeploymentPostprocessing = 0;
		};
/* End PBXFrameworksBuildPhase section */

/* Begin PBXGroup section */
		03CC53F4258BB867004A644D /* New Group */ = {
			isa = PBXGroup;
			children = (
				03CC53F5258BB874004A644D /* temp.swift */,
			);
			name = "New Group";
			sourceTree = "<group>";
		};
		03CC53FD258BBA88004A644D /* Views */ = {
			isa = PBXGroup;
			children = (
				03E4A2132589FF5A00FB6929 /* ContentView.swift */,
				03CC540B258BC684004A644D /* NoteDetail.swift */,
			);
			name = Views;
			sourceTree = "<group>";
		};
		03CC53FE258BBA9F004A644D /* Model */ = {
			isa = PBXGroup;
			children = (
			);
			path = Model;
			sourceTree = "<group>";
		};
		03CC53FF258BBAAD004A644D /* Resources */ = {
			isa = PBXGroup;
			children = (
			);
			name = Resources;
			sourceTree = "<group>";
		};
		03E4A2052589FF5A00FB6929 = {
			isa = PBXGroup;
			children = (
				03E4A2102589FF5A00FB6929 /* ToDo */,
				03E4A2272589FF5C00FB6929 /* ToDoTests */,
				03E4A2322589FF5C00FB6929 /* ToDoUITests */,
				03E4A20F2589FF5A00FB6929 /* Products */,
				83345E6D29CBE228159E7322 /* Pods */,
				C1624B5333FCBF6D552A7B8B /* Frameworks */,
			);
			sourceTree = "<group>";
		};
		03E4A20F2589FF5A00FB6929 /* Products */ = {
			isa = PBXGroup;
			children = (
				03E4A20E2589FF5A00FB6929 /* ToDo.app */,
				03E4A2242589FF5C00FB6929 /* ToDoTests.xctest */,
				03E4A22F2589FF5C00FB6929 /* ToDoUITests.xctest */,
			);
			name = Products;
			sourceTree = "<group>";
		};
		03E4A2102589FF5A00FB6929 /* ToDo */ = {
			isa = PBXGroup;
			children = (
				03CC53F4258BB867004A644D /* New Group */,
				03CC53FF258BBAAD004A644D /* Resources */,
				03CC53FE258BBA9F004A644D /* Model */,
				03CC53FD258BBA88004A644D /* Views */,
				03E4A2112589FF5A00FB6929 /* ToDoApp.swift */,
				03E4A21A2589FF5B00FB6929 /* Persistence.swift */,
				03E4A21F2589FF5B00FB6929 /* Info.plist */,
				03E4A21C2589FF5B00FB6929 /* ToDo.xcdatamodeld */,
				03E4A2152589FF5B00FB6929 /* Assets.xcassets */,
				03E4A2172589FF5B00FB6929 /* Preview Content */,
				03E1B54C258C8548008051DA /* LaunchScreen.storyboard */,
			);
			path = ToDo;
			sourceTree = "<group>";
		};
		03E4A2172589FF5B00FB6929 /* Preview Content */ = {
			isa = PBXGroup;
			children = (
				03E4A2182589FF5B00FB6929 /* Preview Assets.xcassets */,
			);
			path = "Preview Content";
			sourceTree = "<group>";
		};
		03E4A2272589FF5C00FB6929 /* ToDoTests */ = {
			isa = PBXGroup;
			children = (
				03E4A2282589FF5C00FB6929 /* ToDoTests.swift */,
				03E4A22A2589FF5C00FB6929 /* Info.plist */,
			);
			path = ToDoTests;
			sourceTree = "<group>";
		};
		03E4A2322589FF5C00FB6929 /* ToDoUITests */ = {
			isa = PBXGroup;
			children = (
				03E4A2332589FF5C00FB6929 /* ToDoUITests.swift */,
				03E4A2352589FF5C00FB6929 /* Info.plist */,
			);
			path = ToDoUITests;
			sourceTree = "<group>";
		};
		83345E6D29CBE228159E7322 /* Pods */ = {
			isa = PBXGroup;
			children = (
				2D52D854EAC211DF5BEC0130 /* Pods-ToDo.debug.xcconfig */,
				7CAAFE2EB3E26210BDE6D8CB /* Pods-ToDo.release.xcconfig */,
				1C5E8982C0BCE8244B784426 /* Pods-ToDo-ToDoUITests.debug.xcconfig */,
				13D61717036F5021FD265B59 /* Pods-ToDo-ToDoUITests.release.xcconfig */,
				42072B11A4002D90CB5015BE /* Pods-ToDoTests.debug.xcconfig */,
				39A8724F494E0AEF3872965B /* Pods-ToDoTests.release.xcconfig */,
			);
			path = Pods;
			sourceTree = "<group>";
		};
		C1624B5333FCBF6D552A7B8B /* Frameworks */ = {
			isa = PBXGroup;
			children = (
				45AC2AACBC557907AFCCA41F /* Pods_ToDo.framework */,
				9BD7F7432EEED02A4899F710 /* Pods_ToDo_ToDoUITests.framework */,
				DDAF40BCBC8129DC84887984 /* Pods_ToDoTests.framework */,
			);
			name = Frameworks;
			sourceTree = "<group>";
		};
/* End PBXGroup section */

/* Begin PBXNativeTarget section */
		03E4A20D2589FF5A00FB6929 /* ToDo */ = {
			isa = PBXNativeTarget;
			buildConfigurationList = 03E4A2382589FF5C00FB6929 /* Build configuration list for PBXNativeTarget "ToDo" */;
			buildPhases = (
				0188D145161BE9A0D04B248D /* [CP] Check Pods Manifest.lock */,
				03E4A20A2589FF5A00FB6929 /* Sources */,
				03E4A20B2589FF5A00FB6929 /* Frameworks */,
				03E4A20C2589FF5A00FB6929 /* Resources */,
				70866E473BC944C11BE5A552 /* [CP] Embed Pods Frameworks */,
			);
			buildRules = (
			);
			dependencies = (
			);
			name = ToDo;
			productName = ToDo;
			productReference = 03E4A20E2589FF5A00FB6929 /* ToDo.app */;
			productType = "com.apple.product-type.application";
		};
		03E4A2232589FF5C00FB6929 /* ToDoTests */ = {
			isa = PBXNativeTarget;
			buildConfigurationList = 03E4A23B2589FF5C00FB6929 /* Build configuration list for PBXNativeTarget "ToDoTests" */;
			buildPhases = (
				CB6B8074E0A0B7780AFA1825 /* [CP] Check Pods Manifest.lock */,
				03E4A2202589FF5C00FB6929 /* Sources */,
				03E4A2212589FF5C00FB6929 /* Frameworks */,
				03E4A2222589FF5C00FB6929 /* Resources */,
			);
			buildRules = (
			);
			dependencies = (
				03E4A2262589FF5C00FB6929 /* PBXTargetDependency */,
			);
			name = ToDoTests;
			productName = ToDoTests;
			productReference = 03E4A2242589FF5C00FB6929 /* ToDoTests.xctest */;
			productType = "com.apple.product-type.bundle.unit-test";
		};
		03E4A22E2589FF5C00FB6929 /* ToDoUITests */ = {
			isa = PBXNativeTarget;
			buildConfigurationList = 03E4A23E2589FF5C00FB6929 /* Build configuration list for PBXNativeTarget "ToDoUITests" */;
			buildPhases = (
				906CF51BCD949B8441A08944 /* [CP] Check Pods Manifest.lock */,
				03E4A22B2589FF5C00FB6929 /* Sources */,
				03E4A22C2589FF5C00FB6929 /* Frameworks */,
				03E4A22D2589FF5C00FB6929 /* Resources */,
				27CDAEDD06ED2869C74E3479 /* [CP] Embed Pods Frameworks */,
			);
			buildRules = (
			);
			dependencies = (
				03E4A2312589FF5C00FB6929 /* PBXTargetDependency */,
			);
			name = ToDoUITests;
			productName = ToDoUITests;
			productReference = 03E4A22F2589FF5C00FB6929 /* ToDoUITests.xctest */;
			productType = "com.apple.product-type.bundle.ui-testing";
		};
/* End PBXNativeTarget section */

/* Begin PBXProject section */
		03E4A2062589FF5A00FB6929 /* Project object */ = {
			isa = PBXProject;
			attributes = {
				LastSwiftUpdateCheck = 1230;
				LastUpgradeCheck = 1230;
				TargetAttributes = {
					03E4A20D2589FF5A00FB6929 = {
						CreatedOnToolsVersion = 12.3;
					};
					03E4A2232589FF5C00FB6929 = {
						CreatedOnToolsVersion = 12.3;
						TestTargetID = 03E4A20D2589FF5A00FB6929;
					};
					03E4A22E2589FF5C00FB6929 = {
						CreatedOnToolsVersion = 12.3;
						TestTargetID = 03E4A20D2589FF5A00FB6929;
					};
				};
			};
			buildConfigurationList = 03E4A2092589FF5A00FB6929 /* Build configuration list for PBXProject "ToDo" */;
			compatibilityVersion = "Xcode 9.3";
			developmentRegion = en;
			hasScannedForEncodings = 0;
			knownRegions = (
				en,
				Base,
			);
			mainGroup = 03E4A2052589FF5A00FB6929;
			productRefGroup = 03E4A20F2589FF5A00FB6929 /* Products */;
			projectDirPath = "";
			projectRoot = "";
			targets = (
				03E4A20D2589FF5A00FB6929 /* ToDo */,
				03E4A2232589FF5C00FB6929 /* ToDoTests */,
				03E4A22E2589FF5C00FB6929 /* ToDoUITests */,
			);
		};
/* End PBXProject section */

/* Begin PBXResourcesBuildPhase section */
		03E4A20C2589FF5A00FB6929 /* Resources */ = {
			isa = PBXResourcesBuildPhase;
			buildActionMask = 2147483647;
			files = (
				03E1B54A258C8548008051DA /* LaunchScreen.storyboard in Resources */,
				03E4A2192589FF5B00FB6929 /* Preview Assets.xcassets in Resources */,
				03E4A2162589FF5B00FB6929 /* Assets.xcassets in Resources */,
			);
			runOnlyForDeploymentPostprocessing = 0;
		};
		03E4A2222589FF5C00FB6929 /* Resources */ = {
			isa = PBXResourcesBuildPhase;
			buildActionMask = 2147483647;
			files = (
			);
			runOnlyForDeploymentPostprocessing = 0;
		};
		03E4A22D2589FF5C00FB6929 /* Resources */ = {
			isa = PBXResourcesBuildPhase;
			buildActionMask = 2147483647;
			files = (
			);
			runOnlyForDeploymentPostprocessing = 0;
		};
/* End PBXResourcesBuildPhase section */

/* Begin PBXShellScriptBuildPhase section */
		0188D145161BE9A0D04B248D /* [CP] Check Pods Manifest.lock */ = {
			isa = PBXShellScriptBuildPhase;
			buildActionMask = 2147483647;
			files = (
			);
			inputFileListPaths = (
			);
			inputPaths = (
				"${PODS_PODFILE_DIR_PATH}/Podfile.lock",
				"${PODS_ROOT}/Manifest.lock",
			);
			name = "[CP] Check Pods Manifest.lock";
			outputFileListPaths = (
			);
			outputPaths = (
				"$(DERIVED_FILE_DIR)/Pods-ToDo-checkManifestLockResult.txt",
			);
			runOnlyForDeploymentPostprocessing = 0;
			shellPath = /bin/sh;
			shellScript = "diff \"${PODS_PODFILE_DIR_PATH}/Podfile.lock\" \"${PODS_ROOT}/Manifest.lock\" > /dev/null\nif [ $? != 0 ] ; then\n    # print error to STDERR\n    echo \"error: The sandbox is not in sync with the Podfile.lock. Run 'pod install' or update your CocoaPods installation.\" >&2\n    exit 1\nfi\n# This output is used by Xcode 'outputs' to avoid re-running this script phase.\necho \"SUCCESS\" > \"${SCRIPT_OUTPUT_FILE_0}\"\n";
			showEnvVarsInLog = 0;
		};
		27CDAEDD06ED2869C74E3479 /* [CP] Embed Pods Frameworks */ = {
			isa = PBXShellScriptBuildPhase;
			buildActionMask = 2147483647;
			files = (
			);
			inputFileListPaths = (
				"${PODS_ROOT}/Target Support Files/Pods-ToDo-ToDoUITests/Pods-ToDo-ToDoUITests-frameworks-${CONFIGURATION}-input-files.xcfilelist",
			);
			name = "[CP] Embed Pods Frameworks";
			outputFileListPaths = (
				"${PODS_ROOT}/Target Support Files/Pods-ToDo-ToDoUITests/Pods-ToDo-ToDoUITests-frameworks-${CONFIGURATION}-output-files.xcfilelist",
			);
			runOnlyForDeploymentPostprocessing = 0;
			shellPath = /bin/sh;
			shellScript = "\"${PODS_ROOT}/Target Support Files/Pods-ToDo-ToDoUITests/Pods-ToDo-ToDoUITests-frameworks.sh\"\n";
			showEnvVarsInLog = 0;
		};
		70866E473BC944C11BE5A552 /* [CP] Embed Pods Frameworks */ = {
			isa = PBXShellScriptBuildPhase;
			buildActionMask = 2147483647;
			files = (
			);
			inputFileListPaths = (
				"${PODS_ROOT}/Target Support Files/Pods-ToDo/Pods-ToDo-frameworks-${CONFIGURATION}-input-files.xcfilelist",
			);
			name = "[CP] Embed Pods Frameworks";
			outputFileListPaths = (
				"${PODS_ROOT}/Target Support Files/Pods-ToDo/Pods-ToDo-frameworks-${CONFIGURATION}-output-files.xcfilelist",
			);
			runOnlyForDeploymentPostprocessing = 0;
			shellPath = /bin/sh;
			shellScript = "\"${PODS_ROOT}/Target Support Files/Pods-ToDo/Pods-ToDo-frameworks.sh\"\n";
			showEnvVarsInLog = 0;
		};
		906CF51BCD949B8441A08944 /* [CP] Check Pods Manifest.lock */ = {
			isa = PBXShellScriptBuildPhase;
			buildActionMask = 2147483647;
			files = (
			);
			inputFileListPaths = (
			);
			inputPaths = (
				"${PODS_PODFILE_DIR_PATH}/Podfile.lock",
				"${PODS_ROOT}/Manifest.lock",
			);
			name = "[CP] Check Pods Manifest.lock";
			outputFileListPaths = (
			);
			outputPaths = (
				"$(DERIVED_FILE_DIR)/Pods-ToDo-ToDoUITests-checkManifestLockResult.txt",
			);
			runOnlyForDeploymentPostprocessing = 0;
			shellPath = /bin/sh;
			shellScript = "diff \"${PODS_PODFILE_DIR_PATH}/Podfile.lock\" \"${PODS_ROOT}/Manifest.lock\" > /dev/null\nif [ $? != 0 ] ; then\n    # print error to STDERR\n    echo \"error: The sandbox is not in sync with the Podfile.lock. Run 'pod install' or update your CocoaPods installation.\" >&2\n    exit 1\nfi\n# This output is used by Xcode 'outputs' to avoid re-running this script phase.\necho \"SUCCESS\" > \"${SCRIPT_OUTPUT_FILE_0}\"\n";
			showEnvVarsInLog = 0;
		};
		CB6B8074E0A0B7780AFA1825 /* [CP] Check Pods Manifest.lock */ = {
			isa = PBXShellScriptBuildPhase;
			buildActionMask = 2147483647;
			files = (
			);
			inputFileListPaths = (
			);
			inputPaths = (
				"${PODS_PODFILE_DIR_PATH}/Podfile.lock",
				"${PODS_ROOT}/Manifest.lock",
			);
			name = "[CP] Check Pods Manifest.lock";
			outputFileListPaths = (
			);
			outputPaths = (
				"$(DERIVED_FILE_DIR)/Pods-ToDoTests-checkManifestLockResult.txt",
			);
			runOnlyForDeploymentPostprocessing = 0;
			shellPath = /bin/sh;
			shellScript = "diff \"${PODS_PODFILE_DIR_PATH}/Podfile.lock\" \"${PODS_ROOT}/Manifest.lock\" > /dev/null\nif [ $? != 0 ] ; then\n    # print error to STDERR\n    echo \"error: The sandbox is not in sync with the Podfile.lock. Run 'pod install' or update your CocoaPods installation.\" >&2\n    exit 1\nfi\n# This output is used by Xcode 'outputs' to avoid re-running this script phase.\necho \"SUCCESS\" > \"${SCRIPT_OUTPUT_FILE_0}\"\n";
			showEnvVarsInLog = 0;
		};
/* End PBXShellScriptBuildPhase section */

/* Begin PBXSourcesBuildPhase section */
		03E4A20A2589FF5A00FB6929 /* Sources */ = {
			isa = PBXSourcesBuildPhase;
			buildActionMask = 2147483647;
			files = (
				03E4A21B2589FF5B00FB6929 /* Persistence.swift in Sources */,
				03E4A2142589FF5A00FB6929 /* ContentView.swift in Sources */,
				03E4A2122589FF5A00FB6929 /* ToDoApp.swift in Sources */,
				03E4A21E2589FF5B00FB6929 /* ToDo.xcdatamodeld in Sources */,
				03CC540C258BC684004A644D /* NoteDetail.swift in Sources */,
				03CC53F6258BB874004A644D /* temp.swift in Sources */,
			);
			runOnlyForDeploymentPostprocessing = 0;
		};
		03E4A2202589FF5C00FB6929 /* Sources */ = {
			isa = PBXSourcesBuildPhase;
			buildActionMask = 2147483647;
			files = (
				03E4A2292589FF5C00FB6929 /* ToDoTests.swift in Sources */,
			);
			runOnlyForDeploymentPostprocessing = 0;
		};
		03E4A22B2589FF5C00FB6929 /* Sources */ = {
			isa = PBXSourcesBuildPhase;
			buildActionMask = 2147483647;
			files = (
				03E4A2342589FF5C00FB6929 /* ToDoUITests.swift in Sources */,
			);
			runOnlyForDeploymentPostprocessing = 0;
		};
/* End PBXSourcesBuildPhase section */

/* Begin PBXTargetDependency section */
		03E4A2262589FF5C00FB6929 /* PBXTargetDependency */ = {
			isa = PBXTargetDependency;
			target = 03E4A20D2589FF5A00FB6929 /* ToDo */;
			targetProxy = 03E4A2252589FF5C00FB6929 /* PBXContainerItemProxy */;
		};
		03E4A2312589FF5C00FB6929 /* PBXTargetDependency */ = {
			isa = PBXTargetDependency;
			target = 03E4A20D2589FF5A00FB6929 /* ToDo */;
			targetProxy = 03E4A2302589FF5C00FB6929 /* PBXContainerItemProxy */;
		};
/* End PBXTargetDependency section */

/* Begin PBXVariantGroup section */
		03E1B54C258C8548008051DA /* LaunchScreen.storyboard */ = {
			isa = PBXVariantGroup;
			children = (
				03E1B54B258C8548008051DA /* Base */,
			);
			name = LaunchScreen.storyboard;
			sourceTree = "<group>";
		};
/* End PBXVariantGroup section */

/* Begin XCBuildConfiguration section */
		03E4A2362589FF5C00FB6929 /* Debug */ = {
			isa = XCBuildConfiguration;
			buildSettings = {
				ALWAYS_SEARCH_USER_PATHS = NO;
				CLANG_ANALYZER_NONNULL = YES;
				CLANG_ANALYZER_NUMBER_OBJECT_CONVERSION = YES_AGGRESSIVE;
				CLANG_CXX_LANGUAGE_STANDARD = "gnu++14";
				CLANG_CXX_LIBRARY = "libc++";
				CLANG_ENABLE_MODULES = YES;
				CLANG_ENABLE_OBJC_ARC = YES;
				CLANG_ENABLE_OBJC_WEAK = YES;
				CLANG_WARN_BLOCK_CAPTURE_AUTORELEASING = YES;
				CLANG_WARN_BOOL_CONVERSION = YES;
				CLANG_WARN_COMMA = YES;
				CLANG_WARN_CONSTANT_CONVERSION = YES;
				CLANG_WARN_DEPRECATED_OBJC_IMPLEMENTATIONS = YES;
				CLANG_WARN_DIRECT_OBJC_ISA_USAGE = YES_ERROR;
				CLANG_WARN_DOCUMENTATION_COMMENTS = YES;
				CLANG_WARN_EMPTY_BODY = YES;
				CLANG_WARN_ENUM_CONVERSION = YES;
				CLANG_WARN_INFINITE_RECURSION = YES;
				CLANG_WARN_INT_CONVERSION = YES;
				CLANG_WARN_NON_LITERAL_NULL_CONVERSION = YES;
				CLANG_WARN_OBJC_IMPLICIT_RETAIN_SELF = YES;
				CLANG_WARN_OBJC_LITERAL_CONVERSION = YES;
				CLANG_WARN_OBJC_ROOT_CLASS = YES_ERROR;
				CLANG_WARN_QUOTED_INCLUDE_IN_FRAMEWORK_HEADER = YES;
				CLANG_WARN_RANGE_LOOP_ANALYSIS = YES;
				CLANG_WARN_STRICT_PROTOTYPES = YES;
				CLANG_WARN_SUSPICIOUS_MOVE = YES;
				CLANG_WARN_UNGUARDED_AVAILABILITY = YES_AGGRESSIVE;
				CLANG_WARN_UNREACHABLE_CODE = YES;
				CLANG_WARN__DUPLICATE_METHOD_MATCH = YES;
				COPY_PHASE_STRIP = NO;
				DEBUG_INFORMATION_FORMAT = dwarf;
				ENABLE_STRICT_OBJC_MSGSEND = YES;
				ENABLE_TESTABILITY = YES;
				GCC_C_LANGUAGE_STANDARD = gnu11;
				GCC_DYNAMIC_NO_PIC = NO;
				GCC_NO_COMMON_BLOCKS = YES;
				GCC_OPTIMIZATION_LEVEL = 0;
				GCC_PREPROCESSOR_DEFINITIONS = (
					"DEBUG=1",
					"$(inherited)",
				);
				GCC_WARN_64_TO_32_BIT_CONVERSION = YES;
				GCC_WARN_ABOUT_RETURN_TYPE = YES_ERROR;
				GCC_WARN_UNDECLARED_SELECTOR = YES;
				GCC_WARN_UNINITIALIZED_AUTOS = YES_AGGRESSIVE;
				GCC_WARN_UNUSED_FUNCTION = YES;
				GCC_WARN_UNUSED_VARIABLE = YES;
				IPHONEOS_DEPLOYMENT_TARGET = 14.3;
				MTL_ENABLE_DEBUG_INFO = INCLUDE_SOURCE;
				MTL_FAST_MATH = YES;
				ONLY_ACTIVE_ARCH = YES;
				SDKROOT = iphoneos;
				SWIFT_ACTIVE_COMPILATION_CONDITIONS = DEBUG;
				SWIFT_OPTIMIZATION_LEVEL = "-Onone";
			};
			name = Debug;
		};
		03E4A2372589FF5C00FB6929 /* Release */ = {
			isa = XCBuildConfiguration;
			buildSettings = {
				ALWAYS_SEARCH_USER_PATHS = NO;
				CLANG_ANALYZER_NONNULL = YES;
				CLANG_ANALYZER_NUMBER_OBJECT_CONVERSION = YES_AGGRESSIVE;
				CLANG_CXX_LANGUAGE_STANDARD = "gnu++14";
				CLANG_CXX_LIBRARY = "libc++";
				CLANG_ENABLE_MODULES = YES;
				CLANG_ENABLE_OBJC_ARC = YES;
				CLANG_ENABLE_OBJC_WEAK = YES;
				CLANG_WARN_BLOCK_CAPTURE_AUTORELEASING = YES;
				CLANG_WARN_BOOL_CONVERSION = YES;
				CLANG_WARN_COMMA = YES;
				CLANG_WARN_CONSTANT_CONVERSION = YES;
				CLANG_WARN_DEPRECATED_OBJC_IMPLEMENTATIONS = YES;
				CLANG_WARN_DIRECT_OBJC_ISA_USAGE = YES_ERROR;
				CLANG_WARN_DOCUMENTATION_COMMENTS = YES;
				CLANG_WARN_EMPTY_BODY = YES;
				CLANG_WARN_ENUM_CONVERSION = YES;
				CLANG_WARN_INFINITE_RECURSION = YES;
				CLANG_WARN_INT_CONVERSION = YES;
				CLANG_WARN_NON_LITERAL_NULL_CONVERSION = YES;
				CLANG_WARN_OBJC_IMPLICIT_RETAIN_SELF = YES;
				CLANG_WARN_OBJC_LITERAL_CONVERSION = YES;
				CLANG_WARN_OBJC_ROOT_CLASS = YES_ERROR;
				CLANG_WARN_QUOTED_INCLUDE_IN_FRAMEWORK_HEADER = YES;
				CLANG_WARN_RANGE_LOOP_ANALYSIS = YES;
				CLANG_WARN_STRICT_PROTOTYPES = YES;
				CLANG_WARN_SUSPICIOUS_MOVE = YES;
				CLANG_WARN_UNGUARDED_AVAILABILITY = YES_AGGRESSIVE;
				CLANG_WARN_UNREACHABLE_CODE = YES;
				CLANG_WARN__DUPLICATE_METHOD_MATCH = YES;
				COPY_PHASE_STRIP = NO;
				DEBUG_INFORMATION_FORMAT = "dwarf-with-dsym";
				ENABLE_NS_ASSERTIONS = NO;
				ENABLE_STRICT_OBJC_MSGSEND = YES;
				GCC_C_LANGUAGE_STANDARD = gnu11;
				GCC_NO_COMMON_BLOCKS = YES;
				GCC_WARN_64_TO_32_BIT_CONVERSION = YES;
				GCC_WARN_ABOUT_RETURN_TYPE = YES_ERROR;
				GCC_WARN_UNDECLARED_SELECTOR = YES;
				GCC_WARN_UNINITIALIZED_AUTOS = YES_AGGRESSIVE;
				GCC_WARN_UNUSED_FUNCTION = YES;
				GCC_WARN_UNUSED_VARIABLE = YES;
				IPHONEOS_DEPLOYMENT_TARGET = 14.3;
				MTL_ENABLE_DEBUG_INFO = NO;
				MTL_FAST_MATH = YES;
				SDKROOT = iphoneos;
				SWIFT_COMPILATION_MODE = wholemodule;
				SWIFT_OPTIMIZATION_LEVEL = "-O";
				VALIDATE_PRODUCT = YES;
			};
			name = Release;
		};
		03E4A2392589FF5C00FB6929 /* Debug */ = {
			isa = XCBuildConfiguration;
			baseConfigurationReference = 2D52D854EAC211DF5BEC0130 /* Pods-ToDo.debug.xcconfig */;
			buildSettings = {
				ASSETCATALOG_COMPILER_APPICON_NAME = AppIcon;
				ASSETCATALOG_COMPILER_GLOBAL_ACCENT_COLOR_NAME = AccentColor;
				CODE_SIGN_STYLE = Automatic;
				DEVELOPMENT_ASSET_PATHS = "\"ToDo/Preview Content\"";
				DEVELOPMENT_TEAM = 44N89G9KPS;
				ENABLE_PREVIEWS = YES;
				INFOPLIST_FILE = ToDo/Info.plist;
				IPHONEOS_DEPLOYMENT_TARGET = 14.0;
				LD_RUNPATH_SEARCH_PATHS = (
					"$(inherited)",
					"@executable_path/Frameworks",
				);
				PRODUCT_BUNDLE_IDENTIFIER = com.prabhath.app.ToDo;
				PRODUCT_NAME = "$(TARGET_NAME)";
				SWIFT_VERSION = 5.0;
				TARGETED_DEVICE_FAMILY = "1,2";
			};
			name = Debug;
		};
		03E4A23A2589FF5C00FB6929 /* Release */ = {
			isa = XCBuildConfiguration;
			baseConfigurationReference = 7CAAFE2EB3E26210BDE6D8CB /* Pods-ToDo.release.xcconfig */;
			buildSettings = {
				ASSETCATALOG_COMPILER_APPICON_NAME = AppIcon;
				ASSETCATALOG_COMPILER_GLOBAL_ACCENT_COLOR_NAME = AccentColor;
				CODE_SIGN_STYLE = Automatic;
				DEVELOPMENT_ASSET_PATHS = "\"ToDo/Preview Content\"";
				DEVELOPMENT_TEAM = 44N89G9KPS;
				ENABLE_PREVIEWS = YES;
				INFOPLIST_FILE = ToDo/Info.plist;
				IPHONEOS_DEPLOYMENT_TARGET = 14.0;
				LD_RUNPATH_SEARCH_PATHS = (
					"$(inherited)",
					"@executable_path/Frameworks",
				);
				PRODUCT_BUNDLE_IDENTIFIER = com.prabhath.app.ToDo;
				PRODUCT_NAME = "$(TARGET_NAME)";
				SWIFT_VERSION = 5.0;
				TARGETED_DEVICE_FAMILY = "1,2";
			};
			name = Release;
		};
		03E4A23C2589FF5C00FB6929 /* Debug */ = {
			isa = XCBuildConfiguration;
			baseConfigurationReference = 42072B11A4002D90CB5015BE /* Pods-ToDoTests.debug.xcconfig */;
			buildSettings = {
				ALWAYS_EMBED_SWIFT_STANDARD_LIBRARIES = YES;
				BUNDLE_LOADER = "$(TEST_HOST)";
				CODE_SIGN_STYLE = Automatic;
				DEVELOPMENT_TEAM = 44N89G9KPS;
				INFOPLIST_FILE = ToDoTests/Info.plist;
				IPHONEOS_DEPLOYMENT_TARGET = 14.0;
				LD_RUNPATH_SEARCH_PATHS = (
					"$(inherited)",
					"@executable_path/Frameworks",
					"@loader_path/Frameworks",
				);
				PRODUCT_BUNDLE_IDENTIFIER = com.prabhath.app.ToDoTests;
				PRODUCT_NAME = "$(TARGET_NAME)";
				SWIFT_VERSION = 5.0;
				TARGETED_DEVICE_FAMILY = "1,2";
				TEST_HOST = "$(BUILT_PRODUCTS_DIR)/ToDo.app/ToDo";
			};
			name = Debug;
		};
		03E4A23D2589FF5C00FB6929 /* Release */ = {
			isa = XCBuildConfiguration;
			baseConfigurationReference = 39A8724F494E0AEF3872965B /* Pods-ToDoTests.release.xcconfig */;
			buildSettings = {
				ALWAYS_EMBED_SWIFT_STANDARD_LIBRARIES = YES;
				BUNDLE_LOADER = "$(TEST_HOST)";
				CODE_SIGN_STYLE = Automatic;
				DEVELOPMENT_TEAM = 44N89G9KPS;
				INFOPLIST_FILE = ToDoTests/Info.plist;
				IPHONEOS_DEPLOYMENT_TARGET = 14.0;
				LD_RUNPATH_SEARCH_PATHS = (
					"$(inherited)",
					"@executable_path/Frameworks",
					"@loader_path/Frameworks",
				);
				PRODUCT_BUNDLE_IDENTIFIER = com.prabhath.app.ToDoTests;
				PRODUCT_NAME = "$(TARGET_NAME)";
				SWIFT_VERSION = 5.0;
				TARGETED_DEVICE_FAMILY = "1,2";
				TEST_HOST = "$(BUILT_PRODUCTS_DIR)/ToDo.app/ToDo";
			};
			name = Release;
		};
		03E4A23F2589FF5C00FB6929 /* Debug */ = {
			isa = XCBuildConfiguration;
			baseConfigurationReference = 1C5E8982C0BCE8244B784426 /* Pods-ToDo-ToDoUITests.debug.xcconfig */;
			buildSettings = {
				ALWAYS_EMBED_SWIFT_STANDARD_LIBRARIES = YES;
				CODE_SIGN_STYLE = Automatic;
				DEVELOPMENT_TEAM = 44N89G9KPS;
				INFOPLIST_FILE = ToDoUITests/Info.plist;
				LD_RUNPATH_SEARCH_PATHS = (
					"$(inherited)",
					"@executable_path/Frameworks",
					"@loader_path/Frameworks",
				);
				PRODUCT_BUNDLE_IDENTIFIER = com.prabhath.app.ToDoUITests;
				PRODUCT_NAME = "$(TARGET_NAME)";
				SWIFT_VERSION = 5.0;
				TARGETED_DEVICE_FAMILY = "1,2";
				TEST_TARGET_NAME = ToDo;
			};
			name = Debug;
		};
		03E4A2402589FF5C00FB6929 /* Release */ = {
			isa = XCBuildConfiguration;
			baseConfigurationReference = 13D61717036F5021FD265B59 /* Pods-ToDo-ToDoUITests.release.xcconfig */;
			buildSettings = {
				ALWAYS_EMBED_SWIFT_STANDARD_LIBRARIES = YES;
				CODE_SIGN_STYLE = Automatic;
				DEVELOPMENT_TEAM = 44N89G9KPS;
				INFOPLIST_FILE = ToDoUITests/Info.plist;
				LD_RUNPATH_SEARCH_PATHS = (
					"$(inherited)",
					"@executable_path/Frameworks",
					"@loader_path/Frameworks",
				);
				PRODUCT_BUNDLE_IDENTIFIER = com.prabhath.app.ToDoUITests;
				PRODUCT_NAME = "$(TARGET_NAME)";
				SWIFT_VERSION = 5.0;
				TARGETED_DEVICE_FAMILY = "1,2";
				TEST_TARGET_NAME = ToDo;
			};
			name = Release;
		};
/* End XCBuildConfiguration section */

/* Begin XCConfigurationList section */
		03E4A2092589FF5A00FB6929 /* Build configuration list for PBXProject "ToDo" */ = {
			isa = XCConfigurationList;
			buildConfigurations = (
				03E4A2362589FF5C00FB6929 /* Debug */,
				03E4A2372589FF5C00FB6929 /* Release */,
			);
			defaultConfigurationIsVisible = 0;
			defaultConfigurationName = Release;
		};
		03E4A2382589FF5C00FB6929 /* Build configuration list for PBXNativeTarget "ToDo" */ = {
			isa = XCConfigurationList;
			buildConfigurations = (
				03E4A2392589FF5C00FB6929 /* Debug */,
				03E4A23A2589FF5C00FB6929 /* Release */,
			);
			defaultConfigurationIsVisible = 0;
			defaultConfigurationName = Release;
		};
		03E4A23B2589FF5C00FB6929 /* Build configuration list for PBXNativeTarget "ToDoTests" */ = {
			isa = XCConfigurationList;
			buildConfigurations = (
				03E4A23C2589FF5C00FB6929 /* Debug */,
				03E4A23D2589FF5C00FB6929 /* Release */,
			);
			defaultConfigurationIsVisible = 0;
			defaultConfigurationName = Release;
		};
		03E4A23E2589FF5C00FB6929 /* Build configuration list for PBXNativeTarget "ToDoUITests" */ = {
			isa = XCConfigurationList;
			buildConfigurations = (
				03E4A23F2589FF5C00FB6929 /* Debug */,
				03E4A2402589FF5C00FB6929 /* Release */,
			);
			defaultConfigurationIsVisible = 0;
			defaultConfigurationName = Release;
		};
/* End XCConfigurationList section */

/* Begin XCVersionGroup section */
		03E4A21C2589FF5B00FB6929 /* ToDo.xcdatamodeld */ = {
			isa = XCVersionGroup;
			children = (
				03E4A21D2589FF5B00FB6929 /* ToDo.xcdatamodel */,
			);
			currentVersion = 03E4A21D2589FF5B00FB6929 /* ToDo.xcdatamodel */;
			path = ToDo.xcdatamodeld;
			sourceTree = "<group>";
			versionGroupType = wrapper.xcdatamodel;
		};
/* End XCVersionGroup section */
	};
	rootObject = 03E4A2062589FF5A00FB6929 /* Project object */;
}
